// !$*UTF8*$!
{
	archiveVersion = 1;
	classes = {
	};
	objectVersion = 50;
	objects = {

/* Begin PBXBuildFile section */
		490A62CD2A0ED76F002C3207 /* AppDelegate.swift in Sources */ = {isa = PBXBuildFile; fileRef = 490A62CC2A0ED76F002C3207 /* AppDelegate.swift */; };
		490A62CF2A0ED76F002C3207 /* SceneDelegate.swift in Sources */ = {isa = PBXBuildFile; fileRef = 490A62CE2A0ED76F002C3207 /* SceneDelegate.swift */; };
		490A62D12A0ED76F002C3207 /* MainViewController.swift in Sources */ = {isa = PBXBuildFile; fileRef = 490A62D02A0ED76F002C3207 /* MainViewController.swift */; };
		490A62D62A0ED775002C3207 /* Assets.xcassets in Resources */ = {isa = PBXBuildFile; fileRef = 490A62D52A0ED775002C3207 /* Assets.xcassets */; };
		490A62D92A0ED775002C3207 /* LaunchScreen.storyboard in Resources */ = {isa = PBXBuildFile; fileRef = 490A62D72A0ED775002C3207 /* LaunchScreen.storyboard */; };
		490A62E32A0EDB88002C3207 /* DownLoadManager.swift in Sources */ = {isa = PBXBuildFile; fileRef = 490A62E22A0EDB88002C3207 /* DownLoadManager.swift */; };
		490A62E92A0EEB66002C3207 /* Travel.swift in Sources */ = {isa = PBXBuildFile; fileRef = 490A62E82A0EEB66002C3207 /* Travel.swift */; };
		490A62F92A0FC77A002C3207 /* FlightCell.swift in Sources */ = {isa = PBXBuildFile; fileRef = 490A62F82A0FC77A002C3207 /* FlightCell.swift */; };
		490A63022A0FC8BA002C3207 /* CustomStackView.swift in Sources */ = {isa = PBXBuildFile; fileRef = 490A62FD2A0FC8BA002C3207 /* CustomStackView.swift */; };
		490A63032A0FC8BA002C3207 /* CustomButton.swift in Sources */ = {isa = PBXBuildFile; fileRef = 490A62FE2A0FC8BA002C3207 /* CustomButton.swift */; };
		490A63062A0FC8BA002C3207 /* CustomLabel.swift in Sources */ = {isa = PBXBuildFile; fileRef = 490A63012A0FC8BA002C3207 /* CustomLabel.swift */; };
		490A63162A0FC9EA002C3207 /* Extension+UIView.swift in Sources */ = {isa = PBXBuildFile; fileRef = 490A63102A0FC9EA002C3207 /* Extension+UIView.swift */; };
		490A631A2A0FD02F002C3207 /* String+Extension.swift in Sources */ = {isa = PBXBuildFile; fileRef = 490A63192A0FD02E002C3207 /* String+Extension.swift */; };
		490A631E2A0FDE48002C3207 /* FlightDetailVC.swift in Sources */ = {isa = PBXBuildFile; fileRef = 490A631D2A0FDE48002C3207 /* FlightDetailVC.swift */; };
/* End PBXBuildFile section */

/* Begin PBXFileReference section */
		490A62C92A0ED76F002C3207 /* WBTravel.app */ = {isa = PBXFileReference; explicitFileType = wrapper.application; includeInIndex = 0; path = WBTravel.app; sourceTree = BUILT_PRODUCTS_DIR; };
		490A62CC2A0ED76F002C3207 /* AppDelegate.swift */ = {isa = PBXFileReference; lastKnownFileType = sourcecode.swift; path = AppDelegate.swift; sourceTree = "<group>"; };
		490A62CE2A0ED76F002C3207 /* SceneDelegate.swift */ = {isa = PBXFileReference; lastKnownFileType = sourcecode.swift; path = SceneDelegate.swift; sourceTree = "<group>"; };
		490A62D02A0ED76F002C3207 /* MainViewController.swift */ = {isa = PBXFileReference; lastKnownFileType = sourcecode.swift; path = MainViewController.swift; sourceTree = "<group>"; };
		490A62D52A0ED775002C3207 /* Assets.xcassets */ = {isa = PBXFileReference; lastKnownFileType = folder.assetcatalog; path = Assets.xcassets; sourceTree = "<group>"; };
		490A62D82A0ED775002C3207 /* Base */ = {isa = PBXFileReference; lastKnownFileType = file.storyboard; name = Base; path = Base.lproj/LaunchScreen.storyboard; sourceTree = "<group>"; };
		490A62DA2A0ED775002C3207 /* Info.plist */ = {isa = PBXFileReference; lastKnownFileType = text.plist.xml; path = Info.plist; sourceTree = "<group>"; };
		490A62E22A0EDB88002C3207 /* DownLoadManager.swift */ = {isa = PBXFileReference; lastKnownFileType = sourcecode.swift; path = DownLoadManager.swift; sourceTree = "<group>"; };
		490A62E82A0EEB66002C3207 /* Travel.swift */ = {isa = PBXFileReference; fileEncoding = 4; lastKnownFileType = sourcecode.swift; path = Travel.swift; sourceTree = "<group>"; };
		490A62F82A0FC77A002C3207 /* FlightCell.swift */ = {isa = PBXFileReference; lastKnownFileType = sourcecode.swift; path = FlightCell.swift; sourceTree = "<group>"; };
		490A62FD2A0FC8BA002C3207 /* CustomStackView.swift */ = {isa = PBXFileReference; fileEncoding = 4; lastKnownFileType = sourcecode.swift; path = CustomStackView.swift; sourceTree = "<group>"; };
		490A62FE2A0FC8BA002C3207 /* CustomButton.swift */ = {isa = PBXFileReference; fileEncoding = 4; lastKnownFileType = sourcecode.swift; path = CustomButton.swift; sourceTree = "<group>"; };
		490A63012A0FC8BA002C3207 /* CustomLabel.swift */ = {isa = PBXFileReference; fileEncoding = 4; lastKnownFileType = sourcecode.swift; path = CustomLabel.swift; sourceTree = "<group>"; };
		490A63102A0FC9EA002C3207 /* Extension+UIView.swift */ = {isa = PBXFileReference; fileEncoding = 4; lastKnownFileType = sourcecode.swift; path = "Extension+UIView.swift"; sourceTree = "<group>"; };
		490A63192A0FD02E002C3207 /* String+Extension.swift */ = {isa = PBXFileReference; lastKnownFileType = sourcecode.swift; path = "String+Extension.swift"; sourceTree = "<group>"; };
		490A631D2A0FDE48002C3207 /* FlightDetailVC.swift */ = {isa = PBXFileReference; lastKnownFileType = sourcecode.swift; path = FlightDetailVC.swift; sourceTree = "<group>"; };
/* End PBXFileReference section */

/* Begin PBXFrameworksBuildPhase section */
		490A62C62A0ED76F002C3207 /* Frameworks */ = {
			isa = PBXFrameworksBuildPhase;
			buildActionMask = 2147483647;
			files = (
			);
			runOnlyForDeploymentPostprocessing = 0;
		};
/* End PBXFrameworksBuildPhase section */

/* Begin PBXGroup section */
		490A62C02A0ED76E002C3207 = {
			isa = PBXGroup;
			children = (
				490A62CB2A0ED76F002C3207 /* WBTravel */,
				490A62CA2A0ED76F002C3207 /* Products */,
			);
			sourceTree = "<group>";
		};
		490A62CA2A0ED76F002C3207 /* Products */ = {
			isa = PBXGroup;
			children = (
				490A62C92A0ED76F002C3207 /* WBTravel.app */,
			);
			name = Products;
			sourceTree = "<group>";
		};
		490A62CB2A0ED76F002C3207 /* WBTravel */ = {
			isa = PBXGroup;
			children = (
				490A630A2A0FC9EA002C3207 /* Extension */,
				490A62FC2A0FC8BA002C3207 /* CustomElement */,
				490A62F72A0FC758002C3207 /* Cell */,
				490A62F32A0FC1D9002C3207 /* Delegate */,
				490A62D02A0ED76F002C3207 /* MainViewController.swift */,
				490A631D2A0FDE48002C3207 /* FlightDetailVC.swift */,
				490A62EF2A0FC1C1002C3207 /* NetworkService */,
				490A62F12A0FC1CE002C3207 /* Model */,
				490A62ED2A0FC1B5002C3207 /* Other */,
			);
			path = WBTravel;
			sourceTree = "<group>";
		};
		490A62ED2A0FC1B5002C3207 /* Other */ = {
			isa = PBXGroup;
			children = (
				490A62D52A0ED775002C3207 /* Assets.xcassets */,
				490A62D72A0ED775002C3207 /* LaunchScreen.storyboard */,
				490A62DA2A0ED775002C3207 /* Info.plist */,
			);
			path = Other;
			sourceTree = "<group>";
		};
		490A62EF2A0FC1C1002C3207 /* NetworkService */ = {
			isa = PBXGroup;
			children = (
				490A62E22A0EDB88002C3207 /* DownLoadManager.swift */,
			);
			path = NetworkService;
			sourceTree = "<group>";
		};
		490A62F12A0FC1CE002C3207 /* Model */ = {
			isa = PBXGroup;
			children = (
				490A62E82A0EEB66002C3207 /* Travel.swift */,
			);
			path = Model;
			sourceTree = "<group>";
		};
		490A62F32A0FC1D9002C3207 /* Delegate */ = {
			isa = PBXGroup;
			children = (
				490A62CC2A0ED76F002C3207 /* AppDelegate.swift */,
				490A62CE2A0ED76F002C3207 /* SceneDelegate.swift */,
			);
			path = Delegate;
			sourceTree = "<group>";
		};
		490A62F72A0FC758002C3207 /* Cell */ = {
			isa = PBXGroup;
			children = (
				490A62F82A0FC77A002C3207 /* FlightCell.swift */,
			);
			path = Cell;
			sourceTree = "<group>";
		};
		490A62FC2A0FC8BA002C3207 /* CustomElement */ = {
			isa = PBXGroup;
			children = (
				490A62FD2A0FC8BA002C3207 /* CustomStackView.swift */,
				490A62FE2A0FC8BA002C3207 /* CustomButton.swift */,
				490A63012A0FC8BA002C3207 /* CustomLabel.swift */,
			);
			path = CustomElement;
			sourceTree = "<group>";
		};
		490A630A2A0FC9EA002C3207 /* Extension */ = {
			isa = PBXGroup;
			children = (
				490A63102A0FC9EA002C3207 /* Extension+UIView.swift */,
				490A63192A0FD02E002C3207 /* String+Extension.swift */,
			);
			path = Extension;
			sourceTree = "<group>";
		};
/* End PBXGroup section */

/* Begin PBXNativeTarget section */
		490A62C82A0ED76F002C3207 /* WBTravel */ = {
			isa = PBXNativeTarget;
			buildConfigurationList = 490A62DD2A0ED775002C3207 /* Build configuration list for PBXNativeTarget "WBTravel" */;
			buildPhases = (
				490A62C52A0ED76F002C3207 /* Sources */,
				490A62C62A0ED76F002C3207 /* Frameworks */,
				490A62C72A0ED76F002C3207 /* Resources */,
			);
			buildRules = (
			);
			dependencies = (
			);
			name = WBTravel;
			productName = WBTravel;
			productReference = 490A62C92A0ED76F002C3207 /* WBTravel.app */;
			productType = "com.apple.product-type.application";
		};
/* End PBXNativeTarget section */

/* Begin PBXProject section */
		490A62C12A0ED76E002C3207 /* Project object */ = {
			isa = PBXProject;
			attributes = {
				LastSwiftUpdateCheck = 1220;
				LastUpgradeCheck = 1220;
				TargetAttributes = {
					490A62C82A0ED76F002C3207 = {
						CreatedOnToolsVersion = 12.2;
					};
				};
			};
			buildConfigurationList = 490A62C42A0ED76E002C3207 /* Build configuration list for PBXProject "WBTravel" */;
			compatibilityVersion = "Xcode 9.3";
			developmentRegion = en;
			hasScannedForEncodings = 0;
			knownRegions = (
				en,
				Base,
			);
			mainGroup = 490A62C02A0ED76E002C3207;
			productRefGroup = 490A62CA2A0ED76F002C3207 /* Products */;
			projectDirPath = "";
			projectRoot = "";
			targets = (
				490A62C82A0ED76F002C3207 /* WBTravel */,
			);
		};
/* End PBXProject section */

/* Begin PBXResourcesBuildPhase section */
		490A62C72A0ED76F002C3207 /* Resources */ = {
			isa = PBXResourcesBuildPhase;
			buildActionMask = 2147483647;
			files = (
				490A62D92A0ED775002C3207 /* LaunchScreen.storyboard in Resources */,
				490A62D62A0ED775002C3207 /* Assets.xcassets in Resources */,
			);
			runOnlyForDeploymentPostprocessing = 0;
		};
/* End PBXResourcesBuildPhase section */

/* Begin PBXSourcesBuildPhase section */
		490A62C52A0ED76F002C3207 /* Sources */ = {
			isa = PBXSourcesBuildPhase;
			buildActionMask = 2147483647;
			files = (
				490A62D12A0ED76F002C3207 /* MainViewController.swift in Sources */,
				490A631A2A0FD02F002C3207 /* String+Extension.swift in Sources */,
				490A63062A0FC8BA002C3207 /* CustomLabel.swift in Sources */,
				490A63162A0FC9EA002C3207 /* Extension+UIView.swift in Sources */,
				490A62F92A0FC77A002C3207 /* FlightCell.swift in Sources */,
				490A631E2A0FDE48002C3207 /* FlightDetailVC.swift in Sources */,
				490A62CD2A0ED76F002C3207 /* AppDelegate.swift in Sources */,
				490A62CF2A0ED76F002C3207 /* SceneDelegate.swift in Sources */,
				490A63032A0FC8BA002C3207 /* CustomButton.swift in Sources */,
				490A63022A0FC8BA002C3207 /* CustomStackView.swift in Sources */,
				490A62E92A0EEB66002C3207 /* Travel.swift in Sources */,
				490A62E32A0EDB88002C3207 /* DownLoadManager.swift in Sources */,
			);
			runOnlyForDeploymentPostprocessing = 0;
		};
/* End PBXSourcesBuildPhase section */

/* Begin PBXVariantGroup section */
		490A62D72A0ED775002C3207 /* LaunchScreen.storyboard */ = {
			isa = PBXVariantGroup;
			children = (
				490A62D82A0ED775002C3207 /* Base */,
			);
			name = LaunchScreen.storyboard;
			sourceTree = "<group>";
		};
/* End PBXVariantGroup section */

/* Begin XCBuildConfiguration section */
		490A62DB2A0ED775002C3207 /* Debug */ = {
			isa = XCBuildConfiguration;
			buildSettings = {
				ALWAYS_SEARCH_USER_PATHS = NO;
				CLANG_ANALYZER_NONNULL = YES;
				CLANG_ANALYZER_NUMBER_OBJECT_CONVERSION = YES_AGGRESSIVE;
				CLANG_CXX_LANGUAGE_STANDARD = "gnu++14";
				CLANG_CXX_LIBRARY = "libc++";
				CLANG_ENABLE_MODULES = YES;
				CLANG_ENABLE_OBJC_ARC = YES;
				CLANG_ENABLE_OBJC_WEAK = YES;
				CLANG_WARN_BLOCK_CAPTURE_AUTORELEASING = YES;
				CLANG_WARN_BOOL_CONVERSION = YES;
				CLANG_WARN_COMMA = YES;
				CLANG_WARN_CONSTANT_CONVERSION = YES;
				CLANG_WARN_DEPRECATED_OBJC_IMPLEMENTATIONS = YES;
				CLANG_WARN_DIRECT_OBJC_ISA_USAGE = YES_ERROR;
				CLANG_WARN_DOCUMENTATION_COMMENTS = YES;
				CLANG_WARN_EMPTY_BODY = YES;
				CLANG_WARN_ENUM_CONVERSION = YES;
				CLANG_WARN_INFINITE_RECURSION = YES;
				CLANG_WARN_INT_CONVERSION = YES;
				CLANG_WARN_NON_LITERAL_NULL_CONVERSION = YES;
				CLANG_WARN_OBJC_IMPLICIT_RETAIN_SELF = YES;
				CLANG_WARN_OBJC_LITERAL_CONVERSION = YES;
				CLANG_WARN_OBJC_ROOT_CLASS = YES_ERROR;
				CLANG_WARN_QUOTED_INCLUDE_IN_FRAMEWORK_HEADER = YES;
				CLANG_WARN_RANGE_LOOP_ANALYSIS = YES;
				CLANG_WARN_STRICT_PROTOTYPES = YES;
				CLANG_WARN_SUSPICIOUS_MOVE = YES;
				CLANG_WARN_UNGUARDED_AVAILABILITY = YES_AGGRESSIVE;
				CLANG_WARN_UNREACHABLE_CODE = YES;
				CLANG_WARN__DUPLICATE_METHOD_MATCH = YES;
				COPY_PHASE_STRIP = NO;
				DEBUG_INFORMATION_FORMAT = dwarf;
				ENABLE_STRICT_OBJC_MSGSEND = YES;
				ENABLE_TESTABILITY = YES;
				GCC_C_LANGUAGE_STANDARD = gnu11;
				GCC_DYNAMIC_NO_PIC = NO;
				GCC_NO_COMMON_BLOCKS = YES;
				GCC_OPTIMIZATION_LEVEL = 0;
				GCC_PREPROCESSOR_DEFINITIONS = (
					"DEBUG=1",
					"$(inherited)",
				);
				GCC_WARN_64_TO_32_BIT_CONVERSION = YES;
				GCC_WARN_ABOUT_RETURN_TYPE = YES_ERROR;
				GCC_WARN_UNDECLARED_SELECTOR = YES;
				GCC_WARN_UNINITIALIZED_AUTOS = YES_AGGRESSIVE;
				GCC_WARN_UNUSED_FUNCTION = YES;
				GCC_WARN_UNUSED_VARIABLE = YES;
				IPHONEOS_DEPLOYMENT_TARGET = 14.2;
				MTL_ENABLE_DEBUG_INFO = INCLUDE_SOURCE;
				MTL_FAST_MATH = YES;
				ONLY_ACTIVE_ARCH = YES;
				SDKROOT = iphoneos;
				SWIFT_ACTIVE_COMPILATION_CONDITIONS = DEBUG;
				SWIFT_OPTIMIZATION_LEVEL = "-Onone";
			};
			name = Debug;
		};
		490A62DC2A0ED775002C3207 /* Release */ = {
			isa = XCBuildConfiguration;
			buildSettings = {
				ALWAYS_SEARCH_USER_PATHS = NO;
				CLANG_ANALYZER_NONNULL = YES;
				CLANG_ANALYZER_NUMBER_OBJECT_CONVERSION = YES_AGGRESSIVE;
				CLANG_CXX_LANGUAGE_STANDARD = "gnu++14";
				CLANG_CXX_LIBRARY = "libc++";
				CLANG_ENABLE_MODULES = YES;
				CLANG_ENABLE_OBJC_ARC = YES;
				CLANG_ENABLE_OBJC_WEAK = YES;
				CLANG_WARN_BLOCK_CAPTURE_AUTORELEASING = YES;
				CLANG_WARN_BOOL_CONVERSION = YES;
				CLANG_WARN_COMMA = YES;
				CLANG_WARN_CONSTANT_CONVERSION = YES;
				CLANG_WARN_DEPRECATED_OBJC_IMPLEMENTATIONS = YES;
				CLANG_WARN_DIRECT_OBJC_ISA_USAGE = YES_ERROR;
				CLANG_WARN_DOCUMENTATION_COMMENTS = YES;
				CLANG_WARN_EMPTY_BODY = YES;
				CLANG_WARN_ENUM_CONVERSION = YES;
				CLANG_WARN_INFINITE_RECURSION = YES;
				CLANG_WARN_INT_CONVERSION = YES;
				CLANG_WARN_NON_LITERAL_NULL_CONVERSION = YES;
				CLANG_WARN_OBJC_IMPLICIT_RETAIN_SELF = YES;
				CLANG_WARN_OBJC_LITERAL_CONVERSION = YES;
				CLANG_WARN_OBJC_ROOT_CLASS = YES_ERROR;
				CLANG_WARN_QUOTED_INCLUDE_IN_FRAMEWORK_HEADER = YES;
				CLANG_WARN_RANGE_LOOP_ANALYSIS = YES;
				CLANG_WARN_STRICT_PROTOTYPES = YES;
				CLANG_WARN_SUSPICIOUS_MOVE = YES;
				CLANG_WARN_UNGUARDED_AVAILABILITY = YES_AGGRESSIVE;
				CLANG_WARN_UNREACHABLE_CODE = YES;
				CLANG_WARN__DUPLICATE_METHOD_MATCH = YES;
				COPY_PHASE_STRIP = NO;
				DEBUG_INFORMATION_FORMAT = "dwarf-with-dsym";
				ENABLE_NS_ASSERTIONS = NO;
				ENABLE_STRICT_OBJC_MSGSEND = YES;
				GCC_C_LANGUAGE_STANDARD = gnu11;
				GCC_NO_COMMON_BLOCKS = YES;
				GCC_WARN_64_TO_32_BIT_CONVERSION = YES;
				GCC_WARN_ABOUT_RETURN_TYPE = YES_ERROR;
				GCC_WARN_UNDECLARED_SELECTOR = YES;
				GCC_WARN_UNINITIALIZED_AUTOS = YES_AGGRESSIVE;
				GCC_WARN_UNUSED_FUNCTION = YES;
				GCC_WARN_UNUSED_VARIABLE = YES;
				IPHONEOS_DEPLOYMENT_TARGET = 14.2;
				MTL_ENABLE_DEBUG_INFO = NO;
				MTL_FAST_MATH = YES;
				SDKROOT = iphoneos;
				SWIFT_COMPILATION_MODE = wholemodule;
				SWIFT_OPTIMIZATION_LEVEL = "-O";
				VALIDATE_PRODUCT = YES;
			};
			name = Release;
		};
		490A62DE2A0ED775002C3207 /* Debug */ = {
			isa = XCBuildConfiguration;
			buildSettings = {
				ASSETCATALOG_COMPILER_APPICON_NAME = AppIcon;
				ASSETCATALOG_COMPILER_GLOBAL_ACCENT_COLOR_NAME = AccentColor;
				CODE_SIGN_STYLE = Automatic;
				DEVELOPMENT_TEAM = DP9VBDWN4S;
				INFOPLIST_FILE = WBTravel/Other/Info.plist;
				LD_RUNPATH_SEARCH_PATHS = (
					"$(inherited)",
					"@executable_path/Frameworks",
				);
				PRODUCT_BUNDLE_IDENTIFIER = HomeWork.WBTravel;
				PRODUCT_NAME = "$(TARGET_NAME)";
				SWIFT_VERSION = 5.0;
				TARGETED_DEVICE_FAMILY = "1,2";
			};
			name = Debug;
		};
		490A62DF2A0ED775002C3207 /* Release */ = {
			isa = XCBuildConfiguration;
			buildSettings = {
				ASSETCATALOG_COMPILER_APPICON_NAME = AppIcon;
				ASSETCATALOG_COMPILER_GLOBAL_ACCENT_COLOR_NAME = AccentColor;
				CODE_SIGN_STYLE = Automatic;
				DEVELOPMENT_TEAM = DP9VBDWN4S;
				INFOPLIST_FILE = WBTravel/Other/Info.plist;
				LD_RUNPATH_SEARCH_PATHS = (
					"$(inherited)",
					"@executable_path/Frameworks",
				);
				PRODUCT_BUNDLE_IDENTIFIER = HomeWork.WBTravel;
				PRODUCT_NAME = "$(TARGET_NAME)";
				SWIFT_VERSION = 5.0;
				TARGETED_DEVICE_FAMILY = "1,2";
			};
			name = Release;
		};
/* End XCBuildConfiguration section */

/* Begin XCConfigurationList section */
		490A62C42A0ED76E002C3207 /* Build configuration list for PBXProject "WBTravel" */ = {
			isa = XCConfigurationList;
			buildConfigurations = (
				490A62DB2A0ED775002C3207 /* Debug */,
				490A62DC2A0ED775002C3207 /* Release */,
			);
			defaultConfigurationIsVisible = 0;
			defaultConfigurationName = Release;
		};
		490A62DD2A0ED775002C3207 /* Build configuration list for PBXNativeTarget "WBTravel" */ = {
			isa = XCConfigurationList;
			buildConfigurations = (
				490A62DE2A0ED775002C3207 /* Debug */,
				490A62DF2A0ED775002C3207 /* Release */,
			);
			defaultConfigurationIsVisible = 0;
			defaultConfigurationName = Release;
		};
/* End XCConfigurationList section */
	};
	rootObject = 490A62C12A0ED76E002C3207 /* Project object */;
}
